
Microsoft Visual Studio Solution File, Format Version 12.00
# Visual Studio Version 17
VisualStudioVersion = 17.9.34728.123
MinimumVisualStudioVersion = 10.0.40219.1
Project("{FAE04EC0-301F-11D3-BF4B-00C04F79EFBC}") = "G09", "G09\G09.csproj", "{EA3DD7A8-8275-430B-9141-559D0A27BC9D}"
EndProject
Global
	GlobalSection(SolutionConfigurationPlatforms) = preSolution
		Debug|Any CPU = Debug|Any CPU
		Release|Any CPU = Release|Any CPU
	EndGlobalSection
	GlobalSection(ProjectConfigurationPlatforms) = postSolution
		{EA3DD7A8-8275-430B-9141-559D0A27BC9D}.Debug|Any CPU.ActiveCfg = Debug|Any CPU
		{EA3DD7A8-8275-430B-9141-559D0A27BC9D}.Debug|Any CPU.Build.0 = Debug|Any CPU
		{EA3DD7A8-8275-430B-9141-559D0A27BC9D}.Release|Any CPU.ActiveCfg = Release|Any CPU
		{EA3DD7A8-8275-430B-9141-559D0A27BC9D}.Release|Any CPU.Build.0 = Release|Any CPU
	EndGlobalSection
	GlobalSection(SolutionProperties) = preSolution
		HideSolutionNode = FALSE
	EndGlobalSection
	GlobalSection(ExtensibilityGlobals) = postSolution
		SolutionGuid = {2B2B653E-E495-47A7-A6FE-4FEBABEA7468}
	EndGlobalSection
EndGlobal
